
Microsoft Visual Studio Solution File, Format Version 12.00
# Visual Studio Version 17
VisualStudioVersion = 17.5.33502.453
MinimumVisualStudioVersion = 10.0.40219.1
Project("{8BC9CEB8-8B4A-11D0-8D11-00A0C91BC942}") = "lab8.1(charr)", "lab8.1(charr).vcxproj", "{B10C07D8-3E84-4989-B5F2-457E32E0D66C}"
EndProject
Project("{8BC9CEB8-8B4A-11D0-8D11-00A0C91BC942}") = "UnitTest8.1(char)", "UnitTest8.1(char)\UnitTest8.1(char).vcxproj", "{021BAA47-3884-41CA-93E1-416DA45ADC36}"
EndProject
Global
	GlobalSection(SolutionConfigurationPlatforms) = preSolution
		Debug|x64 = Debug|x64
		Debug|x86 = Debug|x86
		Release|x64 = Release|x64
		Release|x86 = Release|x86
	EndGlobalSection
	GlobalSection(ProjectConfigurationPlatforms) = postSolution
		{B10C07D8-3E84-4989-B5F2-457E32E0D66C}.Debug|x64.ActiveCfg = Debug|x64
		{B10C07D8-3E84-4989-B5F2-457E32E0D66C}.Debug|x64.Build.0 = Debug|x64
		{B10C07D8-3E84-4989-B5F2-457E32E0D66C}.Debug|x86.ActiveCfg = Debug|Win32
		{B10C07D8-3E84-4989-B5F2-457E32E0D66C}.Debug|x86.Build.0 = Debug|Win32
		{B10C07D8-3E84-4989-B5F2-457E32E0D66C}.Release|x64.ActiveCfg = Release|x64
		{B10C07D8-3E84-4989-B5F2-457E32E0D66C}.Release|x64.Build.0 = Release|x64
		{B10C07D8-3E84-4989-B5F2-457E32E0D66C}.Release|x86.ActiveCfg = Release|Win32
		{B10C07D8-3E84-4989-B5F2-457E32E0D66C}.Release|x86.Build.0 = Release|Win32
		{021BAA47-3884-41CA-93E1-416DA45ADC36}.Debug|x64.ActiveCfg = Debug|x64
		{021BAA47-3884-41CA-93E1-416DA45ADC36}.Debug|x64.Build.0 = Debug|x64
		{021BAA47-3884-41CA-93E1-416DA45ADC36}.Debug|x86.ActiveCfg = Debug|Win32
		{021BAA47-3884-41CA-93E1-416DA45ADC36}.Debug|x86.Build.0 = Debug|Win32
		{021BAA47-3884-41CA-93E1-416DA45ADC36}.Release|x64.ActiveCfg = Release|x64
		{021BAA47-3884-41CA-93E1-416DA45ADC36}.Release|x64.Build.0 = Release|x64
		{021BAA47-3884-41CA-93E1-416DA45ADC36}.Release|x86.ActiveCfg = Release|Win32
		{021BAA47-3884-41CA-93E1-416DA45ADC36}.Release|x86.Build.0 = Release|Win32
	EndGlobalSection
	GlobalSection(SolutionProperties) = preSolution
		HideSolutionNode = FALSE
	EndGlobalSection
	GlobalSection(ExtensibilityGlobals) = postSolution
		SolutionGuid = {8C10692D-00CF-4646-AD38-38E68A444A5E}
	EndGlobalSection
EndGlobal
